// !$*UTF8*$!
{
	archiveVersion = 1;
	classes = {
	};
	objectVersion = 46;
	objects = {

/* Begin PBXBuildFile section */
		02F782C61D22966600E3BC29 /* AppDelegate.swift in Sources */ = {isa = PBXBuildFile; fileRef = 02F782C51D22966600E3BC29 /* AppDelegate.swift */; };
		02F782C81D22966600E3BC29 /* BoardViewController.swift in Sources */ = {isa = PBXBuildFile; fileRef = 02F782C71D22966600E3BC29 /* BoardViewController.swift */; };
		02F782CB1D22966600E3BC29 /* Main.storyboard in Resources */ = {isa = PBXBuildFile; fileRef = 02F782C91D22966600E3BC29 /* Main.storyboard */; };
		02F782CD1D22966600E3BC29 /* Assets.xcassets in Resources */ = {isa = PBXBuildFile; fileRef = 02F782CC1D22966600E3BC29 /* Assets.xcassets */; };
		02F782D01D22966600E3BC29 /* LaunchScreen.storyboard in Resources */ = {isa = PBXBuildFile; fileRef = 02F782CE1D22966600E3BC29 /* LaunchScreen.storyboard */; };
		188E21301D23D039000EB991 /* OXGame.swift in Sources */ = {isa = PBXBuildFile; fileRef = 188E212F1D23D039000EB991 /* OXGame.swift */; };
/* End PBXBuildFile section */

/* Begin PBXFileReference section */
		02F782C21D22966500E3BC29 /* o_X.app */ = {isa = PBXFileReference; explicitFileType = wrapper.application; includeInIndex = 0; path = o_X.app; sourceTree = BUILT_PRODUCTS_DIR; };
		02F782C51D22966600E3BC29 /* AppDelegate.swift */ = {isa = PBXFileReference; lastKnownFileType = sourcecode.swift; path = AppDelegate.swift; sourceTree = "<group>"; };
		02F782C71D22966600E3BC29 /* BoardViewController.swift */ = {isa = PBXFileReference; lastKnownFileType = sourcecode.swift; path = BoardViewController.swift; sourceTree = "<group>"; };
		02F782CA1D22966600E3BC29 /* Base */ = {isa = PBXFileReference; lastKnownFileType = file.storyboard; name = Base; path = Base.lproj/Main.storyboard; sourceTree = "<group>"; };
		02F782CC1D22966600E3BC29 /* Assets.xcassets */ = {isa = PBXFileReference; lastKnownFileType = folder.assetcatalog; path = Assets.xcassets; sourceTree = "<group>"; };
		02F782CF1D22966600E3BC29 /* Base */ = {isa = PBXFileReference; lastKnownFileType = file.storyboard; name = Base; path = Base.lproj/LaunchScreen.storyboard; sourceTree = "<group>"; };
		02F782D11D22966600E3BC29 /* Info.plist */ = {isa = PBXFileReference; lastKnownFileType = text.plist.xml; path = Info.plist; sourceTree = "<group>"; };
		188E212F1D23D039000EB991 /* OXGame.swift */ = {isa = PBXFileReference; fileEncoding = 4; lastKnownFileType = sourcecode.swift; path = OXGame.swift; sourceTree = "<group>"; };
/* End PBXFileReference section */

/* Begin PBXFrameworksBuildPhase section */
		02F782BF1D22966500E3BC29 /* Frameworks */ = {
			isa = PBXFrameworksBuildPhase;
			buildActionMask = 2147483647;
			files = (
			);
			runOnlyForDeploymentPostprocessing = 0;
		};
/* End PBXFrameworksBuildPhase section */

/* Begin PBXGroup section */
		02F782B91D22966500E3BC29 = {
			isa = PBXGroup;
			children = (
				02F782C41D22966600E3BC29 /* o_X */,
				02F782C31D22966500E3BC29 /* Products */,
			);
			sourceTree = "<group>";
		};
		02F782C31D22966500E3BC29 /* Products */ = {
			isa = PBXGroup;
			children = (
				02F782C21D22966500E3BC29 /* o_X.app */,
			);
			name = Products;
			sourceTree = "<group>";
		};
		02F782C41D22966600E3BC29 /* o_X */ = {
			isa = PBXGroup;
			children = (
				02F782C51D22966600E3BC29 /* AppDelegate.swift */,
				02F782C71D22966600E3BC29 /* BoardViewController.swift */,
				188E212F1D23D039000EB991 /* OXGame.swift */,
				02F782C91D22966600E3BC29 /* Main.storyboard */,
				02F782CC1D22966600E3BC29 /* Assets.xcassets */,
				02F782CE1D22966600E3BC29 /* LaunchScreen.storyboard */,
				02F782D11D22966600E3BC29 /* Info.plist */,
			);
			path = o_X;
			sourceTree = "<group>";
		};
/* End PBXGroup section */

/* Begin PBXNativeTarget section */
		02F782C11D22966500E3BC29 /* o_X */ = {
			isa = PBXNativeTarget;
			buildConfigurationList = 02F782D41D22966600E3BC29 /* Build configuration list for PBXNativeTarget "o_X" */;
			buildPhases = (
				02F782BE1D22966500E3BC29 /* Sources */,
				02F782BF1D22966500E3BC29 /* Frameworks */,
				02F782C01D22966500E3BC29 /* Resources */,
			);
			buildRules = (
			);
			dependencies = (
			);
			name = o_X;
			productName = o_X;
			productReference = 02F782C21D22966500E3BC29 /* o_X.app */;
			productType = "com.apple.product-type.application";
		};
/* End PBXNativeTarget section */

/* Begin PBXProject section */
		02F782BA1D22966500E3BC29 /* Project object */ = {
			isa = PBXProject;
			attributes = {
				LastSwiftUpdateCheck = 0730;
				LastUpgradeCheck = 0730;
				ORGANIZATIONNAME = iX;
				TargetAttributes = {
					02F782C11D22966500E3BC29 = {
						CreatedOnToolsVersion = 7.3.1;
					};
				};
			};
			buildConfigurationList = 02F782BD1D22966500E3BC29 /* Build configuration list for PBXProject "o_X" */;
			compatibilityVersion = "Xcode 3.2";
			developmentRegion = English;
			hasScannedForEncodings = 0;
			knownRegions = (
				en,
				Base,
			);
			mainGroup = 02F782B91D22966500E3BC29;
			productRefGroup = 02F782C31D22966500E3BC29 /* Products */;
			projectDirPath = "";
			projectRoot = "";
			targets = (
				02F782C11D22966500E3BC29 /* o_X */,
			);
		};
/* End PBXProject section */

/* Begin PBXResourcesBuildPhase section */
		02F782C01D22966500E3BC29 /* Resources */ = {
			isa = PBXResourcesBuildPhase;
			buildActionMask = 2147483647;
			files = (
				02F782D01D22966600E3BC29 /* LaunchScreen.storyboard in Resources */,
				02F782CD1D22966600E3BC29 /* Assets.xcassets in Resources */,
				02F782CB1D22966600E3BC29 /* Main.storyboard in Resources */,
			);
			runOnlyForDeploymentPostprocessing = 0;
		};
/* End PBXResourcesBuildPhase section */

/* Begin PBXSourcesBuildPhase section */
		02F782BE1D22966500E3BC29 /* Sources */ = {
			isa = PBXSourcesBuildPhase;
			buildActionMask = 2147483647;
			files = (
				02F782C81D22966600E3BC29 /* BoardViewController.swift in Sources */,
				188E21301D23D039000EB991 /* OXGame.swift in Sources */,
				02F782C61D22966600E3BC29 /* AppDelegate.swift in Sources */,
			);
			runOnlyForDeploymentPostprocessing = 0;
		};
/* End PBXSourcesBuildPhase section */

/* Begin PBXVariantGroup section */
		02F782C91D22966600E3BC29 /* Main.storyboard */ = {
			isa = PBXVariantGroup;
			children = (
				02F782CA1D22966600E3BC29 /* Base */,
			);
			name = Main.storyboard;
			sourceTree = "<group>";
		};
		02F782CE1D22966600E3BC29 /* LaunchScreen.storyboard */ = {
			isa = PBXVariantGroup;
			children = (
				02F782CF1D22966600E3BC29 /* Base */,
			);
			name = LaunchScreen.storyboard;
			sourceTree = "<group>";
		};
/* End PBXVariantGroup section */

/* Begin XCBuildConfiguration section */
		02F782D21D22966600E3BC29 /* Debug */ = {
			isa = XCBuildConfiguration;
			buildSettings = {
				ALWAYS_SEARCH_USER_PATHS = NO;
				CLANG_ANALYZER_NONNULL = YES;
				CLANG_CXX_LANGUAGE_STANDARD = "gnu++0x";
				CLANG_CXX_LIBRARY = "libc++";
				CLANG_ENABLE_MODULES = YES;
				CLANG_ENABLE_OBJC_ARC = YES;
				CLANG_WARN_BOOL_CONVERSION = YES;
				CLANG_WARN_CONSTANT_CONVERSION = YES;
				CLANG_WARN_DIRECT_OBJC_ISA_USAGE = YES_ERROR;
				CLANG_WARN_EMPTY_BODY = YES;
				CLANG_WARN_ENUM_CONVERSION = YES;
				CLANG_WARN_INT_CONVERSION = YES;
				CLANG_WARN_OBJC_ROOT_CLASS = YES_ERROR;
				CLANG_WARN_UNREACHABLE_CODE = YES;
				CLANG_WARN__DUPLICATE_METHOD_MATCH = YES;
				"CODE_SIGN_IDENTITY[sdk=iphoneos*]" = "iPhone Developer";
				COPY_PHASE_STRIP = NO;
				DEBUG_INFORMATION_FORMAT = dwarf;
				ENABLE_STRICT_OBJC_MSGSEND = YES;
				ENABLE_TESTABILITY = YES;
				GCC_C_LANGUAGE_STANDARD = gnu99;
				GCC_DYNAMIC_NO_PIC = NO;
				GCC_NO_COMMON_BLOCKS = YES;
				GCC_OPTIMIZATION_LEVEL = 0;
				GCC_PREPROCESSOR_DEFINITIONS = (
					"DEBUG=1",
					"$(inherited)",
				);
				GCC_WARN_64_TO_32_BIT_CONVERSION = YES;
				GCC_WARN_ABOUT_RETURN_TYPE = YES_ERROR;
				GCC_WARN_UNDECLARED_SELECTOR = YES;
				GCC_WARN_UNINITIALIZED_AUTOS = YES_AGGRESSIVE;
				GCC_WARN_UNUSED_FUNCTION = YES;
				GCC_WARN_UNUSED_VARIABLE = YES;
				IPHONEOS_DEPLOYMENT_TARGET = 9.3;
				MTL_ENABLE_DEBUG_INFO = YES;
				ONLY_ACTIVE_ARCH = YES;
				SDKROOT = iphoneos;
				SWIFT_OPTIMIZATION_LEVEL = "-Onone";
			};
			name = Debug;
		};
		02F782D31D22966600E3BC29 /* Release */ = {
			isa = XCBuildConfiguration;
			buildSettings = {
				ALWAYS_SEARCH_USER_PATHS = NO;
				CLANG_ANALYZER_NONNULL = YES;
				CLANG_CXX_LANGUAGE_STANDARD = "gnu++0x";
				CLANG_CXX_LIBRARY = "libc++";
				CLANG_ENABLE_MODULES = YES;
				CLANG_ENABLE_OBJC_ARC = YES;
				CLANG_WARN_BOOL_CONVERSION = YES;
				CLANG_WARN_CONSTANT_CONVERSION = YES;
				CLANG_WARN_DIRECT_OBJC_ISA_USAGE = YES_ERROR;
				CLANG_WARN_EMPTY_BODY = YES;
				CLANG_WARN_ENUM_CONVERSION = YES;
				CLANG_WARN_INT_CONVERSION = YES;
				CLANG_WARN_OBJC_ROOT_CLASS = YES_ERROR;
				CLANG_WARN_UNREACHABLE_CODE = YES;
				CLANG_WARN__DUPLICATE_METHOD_MATCH = YES;
				"CODE_SIGN_IDENTITY[sdk=iphoneos*]" = "iPhone Developer";
				COPY_PHASE_STRIP = NO;
				DEBUG_INFORMATION_FORMAT = "dwarf-with-dsym";
				ENABLE_NS_ASSERTIONS = NO;
				ENABLE_STRICT_OBJC_MSGSEND = YES;
				GCC_C_LANGUAGE_STANDARD = gnu99;
				GCC_NO_COMMON_BLOCKS = YES;
				GCC_WARN_64_TO_32_BIT_CONVERSION = YES;
				GCC_WARN_ABOUT_RETURN_TYPE = YES_ERROR;
				GCC_WARN_UNDECLARED_SELECTOR = YES;
				GCC_WARN_UNINITIALIZED_AUTOS = YES_AGGRESSIVE;
				GCC_WARN_UNUSED_FUNCTION = YES;
				GCC_WARN_UNUSED_VARIABLE = YES;
				IPHONEOS_DEPLOYMENT_TARGET = 9.3;
				MTL_ENABLE_DEBUG_INFO = NO;
				SDKROOT = iphoneos;
				VALIDATE_PRODUCT = YES;
			};
			name = Release;
		};
		02F782D51D22966600E3BC29 /* Debug */ = {
			isa = XCBuildConfiguration;
			buildSettings = {
				ASSETCATALOG_COMPILER_APPICON_NAME = AppIcon;
				INFOPLIST_FILE = o_X/Info.plist;
				LD_RUNPATH_SEARCH_PATHS = "$(inherited) @executable_path/Frameworks";
				PRODUCT_BUNDLE_IDENTIFIER = "com.iX.o-X";
				PRODUCT_NAME = "$(TARGET_NAME)";
			};
			name = Debug;
		};
		02F782D61D22966600E3BC29 /* Release */ = {
			isa = XCBuildConfiguration;
			buildSettings = {
				ASSETCATALOG_COMPILER_APPICON_NAME = AppIcon;
				INFOPLIST_FILE = o_X/Info.plist;
				LD_RUNPATH_SEARCH_PATHS = "$(inherited) @executable_path/Frameworks";
				PRODUCT_BUNDLE_IDENTIFIER = "com.iX.o-X";
				PRODUCT_NAME = "$(TARGET_NAME)";
			};
			name = Release;
		};
/* End XCBuildConfiguration section */

/* Begin XCConfigurationList section */
		02F782BD1D22966500E3BC29 /* Build configuration list for PBXProject "o_X" */ = {
			isa = XCConfigurationList;
			buildConfigurations = (
				02F782D21D22966600E3BC29 /* Debug */,
				02F782D31D22966600E3BC29 /* Release */,
			);
			defaultConfigurationIsVisible = 0;
			defaultConfigurationName = Release;
		};
		02F782D41D22966600E3BC29 /* Build configuration list for PBXNativeTarget "o_X" */ = {
			isa = XCConfigurationList;
			buildConfigurations = (
				02F782D51D22966600E3BC29 /* Debug */,
				02F782D61D22966600E3BC29 /* Release */,
			);
			defaultConfigurationIsVisible = 0;
			defaultConfigurationName = Release;
		};
/* End XCConfigurationList section */
	};
	rootObject = 02F782BA1D22966500E3BC29 /* Project object */;
}
